
Microsoft Visual Studio Solution File, Format Version 12.00
# Visual Studio Version 16
VisualStudioVersion = 16.0.29613.14
MinimumVisualStudioVersion = 10.0.40219.1
Project("{9A19103F-16F7-4668-BE54-9A1E7A4F7556}") = "StudyCards", "StudyCards\StudyCards.csproj", "{0C2712AD-D1A9-4558-91BF-C1175512CAC1}"
EndProject
Project("{9A19103F-16F7-4668-BE54-9A1E7A4F7556}") = "StudyCards.WPF", "StudyCards.WPF\StudyCards.WPF.csproj", "{5FE21E1C-3D10-480B-8149-C7E4FCFB992B}"
EndProject
Project("{9A19103F-16F7-4668-BE54-9A1E7A4F7556}") = "StudyCards.Sql", "StudyCards.Sql\StudyCards.Sql.csproj", "{E6B42545-5767-42F8-8CD3-90D05BF64231}"
EndProject
Project("{9A19103F-16F7-4668-BE54-9A1E7A4F7556}") = "StudyCards.Local", "StudyCards.Local\StudyCards.Local.csproj", "{8D51543E-2CD1-442D-AD8D-89C3E5146E57}"
EndProject
Project("{9A19103F-16F7-4668-BE54-9A1E7A4F7556}") = "StudyCards.Server", "StudyCards.Server\StudyCards.Server.csproj", "{DEACD44B-683D-450D-81BE-CC9015A98F36}"
EndProject
Project("{9A19103F-16F7-4668-BE54-9A1E7A4F7556}") = "StudyCards.GRPC", "StudyCards.gRPC\StudyCards.GRPC.csproj", "{23E52533-193B-418C-9CB4-56FA04E06B38}"
EndProject
Project("{9A19103F-16F7-4668-BE54-9A1E7A4F7556}") = "StudyCards.ServerApp", "StudyCards.ServerApp\StudyCards.ServerApp.csproj", "{104D8923-17BD-4584-A219-F07CCC474174}"
EndProject
Project("{9A19103F-16F7-4668-BE54-9A1E7A4F7556}") = "StudyCards.Remote", "StudyCards.Remote\StudyCards.Remote.csproj", "{56A734E0-E858-418A-ADBA-D9AC255CD718}"
EndProject
Global
	GlobalSection(SolutionConfigurationPlatforms) = preSolution
		Ad-Hoc|Any CPU = Ad-Hoc|Any CPU
		Ad-Hoc|ARM = Ad-Hoc|ARM
		Ad-Hoc|iPhone = Ad-Hoc|iPhone
		Ad-Hoc|iPhoneSimulator = Ad-Hoc|iPhoneSimulator
		Ad-Hoc|x64 = Ad-Hoc|x64
		Ad-Hoc|x86 = Ad-Hoc|x86
		AppStore|Any CPU = AppStore|Any CPU
		AppStore|ARM = AppStore|ARM
		AppStore|iPhone = AppStore|iPhone
		AppStore|iPhoneSimulator = AppStore|iPhoneSimulator
		AppStore|x64 = AppStore|x64
		AppStore|x86 = AppStore|x86
		Debug|Any CPU = Debug|Any CPU
		Debug|ARM = Debug|ARM
		Debug|iPhone = Debug|iPhone
		Debug|iPhoneSimulator = Debug|iPhoneSimulator
		Debug|x64 = Debug|x64
		Debug|x86 = Debug|x86
		Release|Any CPU = Release|Any CPU
		Release|ARM = Release|ARM
		Release|iPhone = Release|iPhone
		Release|iPhoneSimulator = Release|iPhoneSimulator
		Release|x64 = Release|x64
		Release|x86 = Release|x86
	EndGlobalSection
	GlobalSection(ProjectConfigurationPlatforms) = postSolution
		{0C2712AD-D1A9-4558-91BF-C1175512CAC1}.Ad-Hoc|Any CPU.ActiveCfg = Release|Any CPU
		{0C2712AD-D1A9-4558-91BF-C1175512CAC1}.Ad-Hoc|Any CPU.Build.0 = Release|Any CPU
		{0C2712AD-D1A9-4558-91BF-C1175512CAC1}.Ad-Hoc|ARM.ActiveCfg = Release|Any CPU
		{0C2712AD-D1A9-4558-91BF-C1175512CAC1}.Ad-Hoc|ARM.Build.0 = Release|Any CPU
		{0C2712AD-D1A9-4558-91BF-C1175512CAC1}.Ad-Hoc|iPhone.ActiveCfg = Release|Any CPU
		{0C2712AD-D1A9-4558-91BF-C1175512CAC1}.Ad-Hoc|iPhone.Build.0 = Release|Any CPU
		{0C2712AD-D1A9-4558-91BF-C1175512CAC1}.Ad-Hoc|iPhoneSimulator.ActiveCfg = Release|Any CPU
		{0C2712AD-D1A9-4558-91BF-C1175512CAC1}.Ad-Hoc|iPhoneSimulator.Build.0 = Release|Any CPU
		{0C2712AD-D1A9-4558-91BF-C1175512CAC1}.Ad-Hoc|x64.ActiveCfg = Release|Any CPU
		{0C2712AD-D1A9-4558-91BF-C1175512CAC1}.Ad-Hoc|x64.Build.0 = Release|Any CPU
		{0C2712AD-D1A9-4558-91BF-C1175512CAC1}.Ad-Hoc|x86.ActiveCfg = Release|Any CPU
		{0C2712AD-D1A9-4558-91BF-C1175512CAC1}.Ad-Hoc|x86.Build.0 = Release|Any CPU
		{0C2712AD-D1A9-4558-91BF-C1175512CAC1}.AppStore|Any CPU.ActiveCfg = Release|Any CPU
		{0C2712AD-D1A9-4558-91BF-C1175512CAC1}.AppStore|Any CPU.Build.0 = Release|Any CPU
		{0C2712AD-D1A9-4558-91BF-C1175512CAC1}.AppStore|ARM.ActiveCfg = Release|Any CPU
		{0C2712AD-D1A9-4558-91BF-C1175512CAC1}.AppStore|ARM.Build.0 = Release|Any CPU
		{0C2712AD-D1A9-4558-91BF-C1175512CAC1}.AppStore|iPhone.ActiveCfg = Release|Any CPU
		{0C2712AD-D1A9-4558-91BF-C1175512CAC1}.AppStore|iPhone.Build.0 = Release|Any CPU
		{0C2712AD-D1A9-4558-91BF-C1175512CAC1}.AppStore|iPhoneSimulator.ActiveCfg = Release|Any CPU
		{0C2712AD-D1A9-4558-91BF-C1175512CAC1}.AppStore|iPhoneSimulator.Build.0 = Release|Any CPU
		{0C2712AD-D1A9-4558-91BF-C1175512CAC1}.AppStore|x64.ActiveCfg = Release|Any CPU
		{0C2712AD-D1A9-4558-91BF-C1175512CAC1}.AppStore|x64.Build.0 = Release|Any CPU
		{0C2712AD-D1A9-4558-91BF-C1175512CAC1}.AppStore|x86.ActiveCfg = Release|Any CPU
		{0C2712AD-D1A9-4558-91BF-C1175512CAC1}.AppStore|x86.Build.0 = Release|Any CPU
		{0C2712AD-D1A9-4558-91BF-C1175512CAC1}.Debug|Any CPU.ActiveCfg = Debug|Any CPU
		{0C2712AD-D1A9-4558-91BF-C1175512CAC1}.Debug|Any CPU.Build.0 = Debug|Any CPU
		{0C2712AD-D1A9-4558-91BF-C1175512CAC1}.Debug|ARM.ActiveCfg = Debug|Any CPU
		{0C2712AD-D1A9-4558-91BF-C1175512CAC1}.Debug|ARM.Build.0 = Debug|Any CPU
		{0C2712AD-D1A9-4558-91BF-C1175512CAC1}.Debug|iPhone.ActiveCfg = Debug|Any CPU
		{0C2712AD-D1A9-4558-91BF-C1175512CAC1}.Debug|iPhone.Build.0 = Debug|Any CPU
		{0C2712AD-D1A9-4558-91BF-C1175512CAC1}.Debug|iPhoneSimulator.ActiveCfg = Debug|Any CPU
		{0C2712AD-D1A9-4558-91BF-C1175512CAC1}.Debug|iPhoneSimulator.Build.0 = Debug|Any CPU
		{0C2712AD-D1A9-4558-91BF-C1175512CAC1}.Debug|x64.ActiveCfg = Debug|Any CPU
		{0C2712AD-D1A9-4558-91BF-C1175512CAC1}.Debug|x64.Build.0 = Debug|Any CPU
		{0C2712AD-D1A9-4558-91BF-C1175512CAC1}.Debug|x86.ActiveCfg = Debug|Any CPU
		{0C2712AD-D1A9-4558-91BF-C1175512CAC1}.Debug|x86.Build.0 = Debug|Any CPU
		{0C2712AD-D1A9-4558-91BF-C1175512CAC1}.Release|Any CPU.ActiveCfg = Release|Any CPU
		{0C2712AD-D1A9-4558-91BF-C1175512CAC1}.Release|Any CPU.Build.0 = Release|Any CPU
		{0C2712AD-D1A9-4558-91BF-C1175512CAC1}.Release|ARM.ActiveCfg = Release|Any CPU
		{0C2712AD-D1A9-4558-91BF-C1175512CAC1}.Release|ARM.Build.0 = Release|Any CPU
		{0C2712AD-D1A9-4558-91BF-C1175512CAC1}.Release|iPhone.ActiveCfg = Release|Any CPU
		{0C2712AD-D1A9-4558-91BF-C1175512CAC1}.Release|iPhone.Build.0 = Release|Any CPU
		{0C2712AD-D1A9-4558-91BF-C1175512CAC1}.Release|iPhoneSimulator.ActiveCfg = Release|Any CPU
		{0C2712AD-D1A9-4558-91BF-C1175512CAC1}.Release|iPhoneSimulator.Build.0 = Release|Any CPU
		{0C2712AD-D1A9-4558-91BF-C1175512CAC1}.Release|x64.ActiveCfg = Release|Any CPU
		{0C2712AD-D1A9-4558-91BF-C1175512CAC1}.Release|x64.Build.0 = Release|Any CPU
		{0C2712AD-D1A9-4558-91BF-C1175512CAC1}.Release|x86.ActiveCfg = Release|Any CPU
		{0C2712AD-D1A9-4558-91BF-C1175512CAC1}.Release|x86.Build.0 = Release|Any CPU
		{5FE21E1C-3D10-480B-8149-C7E4FCFB992B}.Ad-Hoc|Any CPU.ActiveCfg = Debug|Any CPU
		{5FE21E1C-3D10-480B-8149-C7E4FCFB992B}.Ad-Hoc|Any CPU.Build.0 = Debug|Any CPU
		{5FE21E1C-3D10-480B-8149-C7E4FCFB992B}.Ad-Hoc|ARM.ActiveCfg = Debug|Any CPU
		{5FE21E1C-3D10-480B-8149-C7E4FCFB992B}.Ad-Hoc|ARM.Build.0 = Debug|Any CPU
		{5FE21E1C-3D10-480B-8149-C7E4FCFB992B}.Ad-Hoc|iPhone.ActiveCfg = Debug|Any CPU
		{5FE21E1C-3D10-480B-8149-C7E4FCFB992B}.Ad-Hoc|iPhone.Build.0 = Debug|Any CPU
		{5FE21E1C-3D10-480B-8149-C7E4FCFB992B}.Ad-Hoc|iPhoneSimulator.ActiveCfg = Debug|Any CPU
		{5FE21E1C-3D10-480B-8149-C7E4FCFB992B}.Ad-Hoc|iPhoneSimulator.Build.0 = Debug|Any CPU
		{5FE21E1C-3D10-480B-8149-C7E4FCFB992B}.Ad-Hoc|x64.ActiveCfg = Debug|Any CPU
		{5FE21E1C-3D10-480B-8149-C7E4FCFB992B}.Ad-Hoc|x64.Build.0 = Debug|Any CPU
		{5FE21E1C-3D10-480B-8149-C7E4FCFB992B}.Ad-Hoc|x86.ActiveCfg = Debug|Any CPU
		{5FE21E1C-3D10-480B-8149-C7E4FCFB992B}.Ad-Hoc|x86.Build.0 = Debug|Any CPU
		{5FE21E1C-3D10-480B-8149-C7E4FCFB992B}.AppStore|Any CPU.ActiveCfg = Debug|Any CPU
		{5FE21E1C-3D10-480B-8149-C7E4FCFB992B}.AppStore|Any CPU.Build.0 = Debug|Any CPU
		{5FE21E1C-3D10-480B-8149-C7E4FCFB992B}.AppStore|ARM.ActiveCfg = Debug|Any CPU
		{5FE21E1C-3D10-480B-8149-C7E4FCFB992B}.AppStore|ARM.Build.0 = Debug|Any CPU
		{5FE21E1C-3D10-480B-8149-C7E4FCFB992B}.AppStore|iPhone.ActiveCfg = Debug|Any CPU
		{5FE21E1C-3D10-480B-8149-C7E4FCFB992B}.AppStore|iPhone.Build.0 = Debug|Any CPU
		{5FE21E1C-3D10-480B-8149-C7E4FCFB992B}.AppStore|iPhoneSimulator.ActiveCfg = Debug|Any CPU
		{5FE21E1C-3D10-480B-8149-C7E4FCFB992B}.AppStore|iPhoneSimulator.Build.0 = Debug|Any CPU
		{5FE21E1C-3D10-480B-8149-C7E4FCFB992B}.AppStore|x64.ActiveCfg = Debug|Any CPU
		{5FE21E1C-3D10-480B-8149-C7E4FCFB992B}.AppStore|x64.Build.0 = Debug|Any CPU
		{5FE21E1C-3D10-480B-8149-C7E4FCFB992B}.AppStore|x86.ActiveCfg = Debug|Any CPU
		{5FE21E1C-3D10-480B-8149-C7E4FCFB992B}.AppStore|x86.Build.0 = Debug|Any CPU
		{5FE21E1C-3D10-480B-8149-C7E4FCFB992B}.Debug|Any CPU.ActiveCfg = Debug|Any CPU
		{5FE21E1C-3D10-480B-8149-C7E4FCFB992B}.Debug|Any CPU.Build.0 = Debug|Any CPU
		{5FE21E1C-3D10-480B-8149-C7E4FCFB992B}.Debug|ARM.ActiveCfg = Debug|Any CPU
		{5FE21E1C-3D10-480B-8149-C7E4FCFB992B}.Debug|ARM.Build.0 = Debug|Any CPU
		{5FE21E1C-3D10-480B-8149-C7E4FCFB992B}.Debug|iPhone.ActiveCfg = Debug|Any CPU
		{5FE21E1C-3D10-480B-8149-C7E4FCFB992B}.Debug|iPhone.Build.0 = Debug|Any CPU
		{5FE21E1C-3D10-480B-8149-C7E4FCFB992B}.Debug|iPhoneSimulator.ActiveCfg = Debug|Any CPU
		{5FE21E1C-3D10-480B-8149-C7E4FCFB992B}.Debug|iPhoneSimulator.Build.0 = Debug|Any CPU
		{5FE21E1C-3D10-480B-8149-C7E4FCFB992B}.Debug|x64.ActiveCfg = Debug|Any CPU
		{5FE21E1C-3D10-480B-8149-C7E4FCFB992B}.Debug|x64.Build.0 = Debug|Any CPU
		{5FE21E1C-3D10-480B-8149-C7E4FCFB992B}.Debug|x86.ActiveCfg = Debug|Any CPU
		{5FE21E1C-3D10-480B-8149-C7E4FCFB992B}.Debug|x86.Build.0 = Debug|Any CPU
		{5FE21E1C-3D10-480B-8149-C7E4FCFB992B}.Release|Any CPU.ActiveCfg = Release|Any CPU
		{5FE21E1C-3D10-480B-8149-C7E4FCFB992B}.Release|Any CPU.Build.0 = Release|Any CPU
		{5FE21E1C-3D10-480B-8149-C7E4FCFB992B}.Release|ARM.ActiveCfg = Release|Any CPU
		{5FE21E1C-3D10-480B-8149-C7E4FCFB992B}.Release|ARM.Build.0 = Release|Any CPU
		{5FE21E1C-3D10-480B-8149-C7E4FCFB992B}.Release|iPhone.ActiveCfg = Release|Any CPU
		{5FE21E1C-3D10-480B-8149-C7E4FCFB992B}.Release|iPhone.Build.0 = Release|Any CPU
		{5FE21E1C-3D10-480B-8149-C7E4FCFB992B}.Release|iPhoneSimulator.ActiveCfg = Release|Any CPU
		{5FE21E1C-3D10-480B-8149-C7E4FCFB992B}.Release|iPhoneSimulator.Build.0 = Release|Any CPU
		{5FE21E1C-3D10-480B-8149-C7E4FCFB992B}.Release|x64.ActiveCfg = Release|Any CPU
		{5FE21E1C-3D10-480B-8149-C7E4FCFB992B}.Release|x64.Build.0 = Release|Any CPU
		{5FE21E1C-3D10-480B-8149-C7E4FCFB992B}.Release|x86.ActiveCfg = Release|Any CPU
		{5FE21E1C-3D10-480B-8149-C7E4FCFB992B}.Release|x86.Build.0 = Release|Any CPU
		{E6B42545-5767-42F8-8CD3-90D05BF64231}.Ad-Hoc|Any CPU.ActiveCfg = Debug|Any CPU
		{E6B42545-5767-42F8-8CD3-90D05BF64231}.Ad-Hoc|Any CPU.Build.0 = Debug|Any CPU
		{E6B42545-5767-42F8-8CD3-90D05BF64231}.Ad-Hoc|ARM.ActiveCfg = Debug|Any CPU
		{E6B42545-5767-42F8-8CD3-90D05BF64231}.Ad-Hoc|ARM.Build.0 = Debug|Any CPU
		{E6B42545-5767-42F8-8CD3-90D05BF64231}.Ad-Hoc|iPhone.ActiveCfg = Debug|Any CPU
		{E6B42545-5767-42F8-8CD3-90D05BF64231}.Ad-Hoc|iPhone.Build.0 = Debug|Any CPU
		{E6B42545-5767-42F8-8CD3-90D05BF64231}.Ad-Hoc|iPhoneSimulator.ActiveCfg = Debug|Any CPU
		{E6B42545-5767-42F8-8CD3-90D05BF64231}.Ad-Hoc|iPhoneSimulator.Build.0 = Debug|Any CPU
		{E6B42545-5767-42F8-8CD3-90D05BF64231}.Ad-Hoc|x64.ActiveCfg = Debug|Any CPU
		{E6B42545-5767-42F8-8CD3-90D05BF64231}.Ad-Hoc|x64.Build.0 = Debug|Any CPU
		{E6B42545-5767-42F8-8CD3-90D05BF64231}.Ad-Hoc|x86.ActiveCfg = Debug|Any CPU
		{E6B42545-5767-42F8-8CD3-90D05BF64231}.Ad-Hoc|x86.Build.0 = Debug|Any CPU
		{E6B42545-5767-42F8-8CD3-90D05BF64231}.AppStore|Any CPU.ActiveCfg = Debug|Any CPU
		{E6B42545-5767-42F8-8CD3-90D05BF64231}.AppStore|Any CPU.Build.0 = Debug|Any CPU
		{E6B42545-5767-42F8-8CD3-90D05BF64231}.AppStore|ARM.ActiveCfg = Debug|Any CPU
		{E6B42545-5767-42F8-8CD3-90D05BF64231}.AppStore|ARM.Build.0 = Debug|Any CPU
		{E6B42545-5767-42F8-8CD3-90D05BF64231}.AppStore|iPhone.ActiveCfg = Debug|Any CPU
		{E6B42545-5767-42F8-8CD3-90D05BF64231}.AppStore|iPhone.Build.0 = Debug|Any CPU
		{E6B42545-5767-42F8-8CD3-90D05BF64231}.AppStore|iPhoneSimulator.ActiveCfg = Debug|Any CPU
		{E6B42545-5767-42F8-8CD3-90D05BF64231}.AppStore|iPhoneSimulator.Build.0 = Debug|Any CPU
		{E6B42545-5767-42F8-8CD3-90D05BF64231}.AppStore|x64.ActiveCfg = Debug|Any CPU
		{E6B42545-5767-42F8-8CD3-90D05BF64231}.AppStore|x64.Build.0 = Debug|Any CPU
		{E6B42545-5767-42F8-8CD3-90D05BF64231}.AppStore|x86.ActiveCfg = Debug|Any CPU
		{E6B42545-5767-42F8-8CD3-90D05BF64231}.AppStore|x86.Build.0 = Debug|Any CPU
		{E6B42545-5767-42F8-8CD3-90D05BF64231}.Debug|Any CPU.ActiveCfg = Debug|Any CPU
		{E6B42545-5767-42F8-8CD3-90D05BF64231}.Debug|Any CPU.Build.0 = Debug|Any CPU
		{E6B42545-5767-42F8-8CD3-90D05BF64231}.Debug|ARM.ActiveCfg = Debug|Any CPU
		{E6B42545-5767-42F8-8CD3-90D05BF64231}.Debug|ARM.Build.0 = Debug|Any CPU
		{E6B42545-5767-42F8-8CD3-90D05BF64231}.Debug|iPhone.ActiveCfg = Debug|Any CPU
		{E6B42545-5767-42F8-8CD3-90D05BF64231}.Debug|iPhone.Build.0 = Debug|Any CPU
		{E6B42545-5767-42F8-8CD3-90D05BF64231}.Debug|iPhoneSimulator.ActiveCfg = Debug|Any CPU
		{E6B42545-5767-42F8-8CD3-90D05BF64231}.Debug|iPhoneSimulator.Build.0 = Debug|Any CPU
		{E6B42545-5767-42F8-8CD3-90D05BF64231}.Debug|x64.ActiveCfg = Debug|Any CPU
		{E6B42545-5767-42F8-8CD3-90D05BF64231}.Debug|x64.Build.0 = Debug|Any CPU
		{E6B42545-5767-42F8-8CD3-90D05BF64231}.Debug|x86.ActiveCfg = Debug|Any CPU
		{E6B42545-5767-42F8-8CD3-90D05BF64231}.Debug|x86.Build.0 = Debug|Any CPU
		{E6B42545-5767-42F8-8CD3-90D05BF64231}.Release|Any CPU.ActiveCfg = Release|Any CPU
		{E6B42545-5767-42F8-8CD3-90D05BF64231}.Release|Any CPU.Build.0 = Release|Any CPU
		{E6B42545-5767-42F8-8CD3-90D05BF64231}.Release|ARM.ActiveCfg = Release|Any CPU
		{E6B42545-5767-42F8-8CD3-90D05BF64231}.Release|ARM.Build.0 = Release|Any CPU
		{E6B42545-5767-42F8-8CD3-90D05BF64231}.Release|iPhone.ActiveCfg = Release|Any CPU
		{E6B42545-5767-42F8-8CD3-90D05BF64231}.Release|iPhone.Build.0 = Release|Any CPU
		{E6B42545-5767-42F8-8CD3-90D05BF64231}.Release|iPhoneSimulator.ActiveCfg = Release|Any CPU
		{E6B42545-5767-42F8-8CD3-90D05BF64231}.Release|iPhoneSimulator.Build.0 = Release|Any CPU
		{E6B42545-5767-42F8-8CD3-90D05BF64231}.Release|x64.ActiveCfg = Release|Any CPU
		{E6B42545-5767-42F8-8CD3-90D05BF64231}.Release|x64.Build.0 = Release|Any CPU
		{E6B42545-5767-42F8-8CD3-90D05BF64231}.Release|x86.ActiveCfg = Release|Any CPU
		{E6B42545-5767-42F8-8CD3-90D05BF64231}.Release|x86.Build.0 = Release|Any CPU
		{8D51543E-2CD1-442D-AD8D-89C3E5146E57}.Ad-Hoc|Any CPU.ActiveCfg = Debug|Any CPU
		{8D51543E-2CD1-442D-AD8D-89C3E5146E57}.Ad-Hoc|Any CPU.Build.0 = Debug|Any CPU
		{8D51543E-2CD1-442D-AD8D-89C3E5146E57}.Ad-Hoc|ARM.ActiveCfg = Debug|Any CPU
		{8D51543E-2CD1-442D-AD8D-89C3E5146E57}.Ad-Hoc|ARM.Build.0 = Debug|Any CPU
		{8D51543E-2CD1-442D-AD8D-89C3E5146E57}.Ad-Hoc|iPhone.ActiveCfg = Debug|Any CPU
		{8D51543E-2CD1-442D-AD8D-89C3E5146E57}.Ad-Hoc|iPhone.Build.0 = Debug|Any CPU
		{8D51543E-2CD1-442D-AD8D-89C3E5146E57}.Ad-Hoc|iPhoneSimulator.ActiveCfg = Debug|Any CPU
		{8D51543E-2CD1-442D-AD8D-89C3E5146E57}.Ad-Hoc|iPhoneSimulator.Build.0 = Debug|Any CPU
		{8D51543E-2CD1-442D-AD8D-89C3E5146E57}.Ad-Hoc|x64.ActiveCfg = Debug|Any CPU
		{8D51543E-2CD1-442D-AD8D-89C3E5146E57}.Ad-Hoc|x64.Build.0 = Debug|Any CPU
		{8D51543E-2CD1-442D-AD8D-89C3E5146E57}.Ad-Hoc|x86.ActiveCfg = Debug|Any CPU
		{8D51543E-2CD1-442D-AD8D-89C3E5146E57}.Ad-Hoc|x86.Build.0 = Debug|Any CPU
		{8D51543E-2CD1-442D-AD8D-89C3E5146E57}.AppStore|Any CPU.ActiveCfg = Debug|Any CPU
		{8D51543E-2CD1-442D-AD8D-89C3E5146E57}.AppStore|Any CPU.Build.0 = Debug|Any CPU
		{8D51543E-2CD1-442D-AD8D-89C3E5146E57}.AppStore|ARM.ActiveCfg = Debug|Any CPU
		{8D51543E-2CD1-442D-AD8D-89C3E5146E57}.AppStore|ARM.Build.0 = Debug|Any CPU
		{8D51543E-2CD1-442D-AD8D-89C3E5146E57}.AppStore|iPhone.ActiveCfg = Debug|Any CPU
		{8D51543E-2CD1-442D-AD8D-89C3E5146E57}.AppStore|iPhone.Build.0 = Debug|Any CPU
		{8D51543E-2CD1-442D-AD8D-89C3E5146E57}.AppStore|iPhoneSimulator.ActiveCfg = Debug|Any CPU
		{8D51543E-2CD1-442D-AD8D-89C3E5146E57}.AppStore|iPhoneSimulator.Build.0 = Debug|Any CPU
		{8D51543E-2CD1-442D-AD8D-89C3E5146E57}.AppStore|x64.ActiveCfg = Debug|Any CPU
		{8D51543E-2CD1-442D-AD8D-89C3E5146E57}.AppStore|x64.Build.0 = Debug|Any CPU
		{8D51543E-2CD1-442D-AD8D-89C3E5146E57}.AppStore|x86.ActiveCfg = Debug|Any CPU
		{8D51543E-2CD1-442D-AD8D-89C3E5146E57}.AppStore|x86.Build.0 = Debug|Any CPU
		{8D51543E-2CD1-442D-AD8D-89C3E5146E57}.Debug|Any CPU.ActiveCfg = Debug|Any CPU
		{8D51543E-2CD1-442D-AD8D-89C3E5146E57}.Debug|Any CPU.Build.0 = Debug|Any CPU
		{8D51543E-2CD1-442D-AD8D-89C3E5146E57}.Debug|ARM.ActiveCfg = Debug|Any CPU
		{8D51543E-2CD1-442D-AD8D-89C3E5146E57}.Debug|ARM.Build.0 = Debug|Any CPU
		{8D51543E-2CD1-442D-AD8D-89C3E5146E57}.Debug|iPhone.ActiveCfg = Debug|Any CPU
		{8D51543E-2CD1-442D-AD8D-89C3E5146E57}.Debug|iPhone.Build.0 = Debug|Any CPU
		{8D51543E-2CD1-442D-AD8D-89C3E5146E57}.Debug|iPhoneSimulator.ActiveCfg = Debug|Any CPU
		{8D51543E-2CD1-442D-AD8D-89C3E5146E57}.Debug|iPhoneSimulator.Build.0 = Debug|Any CPU
		{8D51543E-2CD1-442D-AD8D-89C3E5146E57}.Debug|x64.ActiveCfg = Debug|Any CPU
		{8D51543E-2CD1-442D-AD8D-89C3E5146E57}.Debug|x64.Build.0 = Debug|Any CPU
		{8D51543E-2CD1-442D-AD8D-89C3E5146E57}.Debug|x86.ActiveCfg = Debug|Any CPU
		{8D51543E-2CD1-442D-AD8D-89C3E5146E57}.Debug|x86.Build.0 = Debug|Any CPU
		{8D51543E-2CD1-442D-AD8D-89C3E5146E57}.Release|Any CPU.ActiveCfg = Release|Any CPU
		{8D51543E-2CD1-442D-AD8D-89C3E5146E57}.Release|Any CPU.Build.0 = Release|Any CPU
		{8D51543E-2CD1-442D-AD8D-89C3E5146E57}.Release|ARM.ActiveCfg = Release|Any CPU
		{8D51543E-2CD1-442D-AD8D-89C3E5146E57}.Release|ARM.Build.0 = Release|Any CPU
		{8D51543E-2CD1-442D-AD8D-89C3E5146E57}.Release|iPhone.ActiveCfg = Release|Any CPU
		{8D51543E-2CD1-442D-AD8D-89C3E5146E57}.Release|iPhone.Build.0 = Release|Any CPU
		{8D51543E-2CD1-442D-AD8D-89C3E5146E57}.Release|iPhoneSimulator.ActiveCfg = Release|Any CPU
		{8D51543E-2CD1-442D-AD8D-89C3E5146E57}.Release|iPhoneSimulator.Build.0 = Release|Any CPU
		{8D51543E-2CD1-442D-AD8D-89C3E5146E57}.Release|x64.ActiveCfg = Release|Any CPU
		{8D51543E-2CD1-442D-AD8D-89C3E5146E57}.Release|x64.Build.0 = Release|Any CPU
		{8D51543E-2CD1-442D-AD8D-89C3E5146E57}.Release|x86.ActiveCfg = Release|Any CPU
		{8D51543E-2CD1-442D-AD8D-89C3E5146E57}.Release|x86.Build.0 = Release|Any CPU
		{DEACD44B-683D-450D-81BE-CC9015A98F36}.Ad-Hoc|Any CPU.ActiveCfg = Debug|Any CPU
		{DEACD44B-683D-450D-81BE-CC9015A98F36}.Ad-Hoc|Any CPU.Build.0 = Debug|Any CPU
		{DEACD44B-683D-450D-81BE-CC9015A98F36}.Ad-Hoc|ARM.ActiveCfg = Debug|Any CPU
		{DEACD44B-683D-450D-81BE-CC9015A98F36}.Ad-Hoc|ARM.Build.0 = Debug|Any CPU
		{DEACD44B-683D-450D-81BE-CC9015A98F36}.Ad-Hoc|iPhone.ActiveCfg = Debug|Any CPU
		{DEACD44B-683D-450D-81BE-CC9015A98F36}.Ad-Hoc|iPhone.Build.0 = Debug|Any CPU
		{DEACD44B-683D-450D-81BE-CC9015A98F36}.Ad-Hoc|iPhoneSimulator.ActiveCfg = Debug|Any CPU
		{DEACD44B-683D-450D-81BE-CC9015A98F36}.Ad-Hoc|iPhoneSimulator.Build.0 = Debug|Any CPU
		{DEACD44B-683D-450D-81BE-CC9015A98F36}.Ad-Hoc|x64.ActiveCfg = Debug|Any CPU
		{DEACD44B-683D-450D-81BE-CC9015A98F36}.Ad-Hoc|x64.Build.0 = Debug|Any CPU
		{DEACD44B-683D-450D-81BE-CC9015A98F36}.Ad-Hoc|x86.ActiveCfg = Debug|Any CPU
		{DEACD44B-683D-450D-81BE-CC9015A98F36}.Ad-Hoc|x86.Build.0 = Debug|Any CPU
		{DEACD44B-683D-450D-81BE-CC9015A98F36}.AppStore|Any CPU.ActiveCfg = Debug|Any CPU
		{DEACD44B-683D-450D-81BE-CC9015A98F36}.AppStore|Any CPU.Build.0 = Debug|Any CPU
		{DEACD44B-683D-450D-81BE-CC9015A98F36}.AppStore|ARM.ActiveCfg = Debug|Any CPU
		{DEACD44B-683D-450D-81BE-CC9015A98F36}.AppStore|ARM.Build.0 = Debug|Any CPU
		{DEACD44B-683D-450D-81BE-CC9015A98F36}.AppStore|iPhone.ActiveCfg = Debug|Any CPU
		{DEACD44B-683D-450D-81BE-CC9015A98F36}.AppStore|iPhone.Build.0 = Debug|Any CPU
		{DEACD44B-683D-450D-81BE-CC9015A98F36}.AppStore|iPhoneSimulator.ActiveCfg = Debug|Any CPU
		{DEACD44B-683D-450D-81BE-CC9015A98F36}.AppStore|iPhoneSimulator.Build.0 = Debug|Any CPU
		{DEACD44B-683D-450D-81BE-CC9015A98F36}.AppStore|x64.ActiveCfg = Debug|Any CPU
		{DEACD44B-683D-450D-81BE-CC9015A98F36}.AppStore|x64.Build.0 = Debug|Any CPU
		{DEACD44B-683D-450D-81BE-CC9015A98F36}.AppStore|x86.ActiveCfg = Debug|Any CPU
		{DEACD44B-683D-450D-81BE-CC9015A98F36}.AppStore|x86.Build.0 = Debug|Any CPU
		{DEACD44B-683D-450D-81BE-CC9015A98F36}.Debug|Any CPU.ActiveCfg = Debug|Any CPU
		{DEACD44B-683D-450D-81BE-CC9015A98F36}.Debug|Any CPU.Build.0 = Debug|Any CPU
		{DEACD44B-683D-450D-81BE-CC9015A98F36}.Debug|ARM.ActiveCfg = Debug|Any CPU
		{DEACD44B-683D-450D-81BE-CC9015A98F36}.Debug|ARM.Build.0 = Debug|Any CPU
		{DEACD44B-683D-450D-81BE-CC9015A98F36}.Debug|iPhone.ActiveCfg = Debug|Any CPU
		{DEACD44B-683D-450D-81BE-CC9015A98F36}.Debug|iPhone.Build.0 = Debug|Any CPU
		{DEACD44B-683D-450D-81BE-CC9015A98F36}.Debug|iPhoneSimulator.ActiveCfg = Debug|Any CPU
		{DEACD44B-683D-450D-81BE-CC9015A98F36}.Debug|iPhoneSimulator.Build.0 = Debug|Any CPU
		{DEACD44B-683D-450D-81BE-CC9015A98F36}.Debug|x64.ActiveCfg = Debug|Any CPU
		{DEACD44B-683D-450D-81BE-CC9015A98F36}.Debug|x64.Build.0 = Debug|Any CPU
		{DEACD44B-683D-450D-81BE-CC9015A98F36}.Debug|x86.ActiveCfg = Debug|Any CPU
		{DEACD44B-683D-450D-81BE-CC9015A98F36}.Debug|x86.Build.0 = Debug|Any CPU
		{DEACD44B-683D-450D-81BE-CC9015A98F36}.Release|Any CPU.ActiveCfg = Release|Any CPU
		{DEACD44B-683D-450D-81BE-CC9015A98F36}.Release|Any CPU.Build.0 = Release|Any CPU
		{DEACD44B-683D-450D-81BE-CC9015A98F36}.Release|ARM.ActiveCfg = Release|Any CPU
		{DEACD44B-683D-450D-81BE-CC9015A98F36}.Release|ARM.Build.0 = Release|Any CPU
		{DEACD44B-683D-450D-81BE-CC9015A98F36}.Release|iPhone.ActiveCfg = Release|Any CPU
		{DEACD44B-683D-450D-81BE-CC9015A98F36}.Release|iPhone.Build.0 = Release|Any CPU
		{DEACD44B-683D-450D-81BE-CC9015A98F36}.Release|iPhoneSimulator.ActiveCfg = Release|Any CPU
		{DEACD44B-683D-450D-81BE-CC9015A98F36}.Release|iPhoneSimulator.Build.0 = Release|Any CPU
		{DEACD44B-683D-450D-81BE-CC9015A98F36}.Release|x64.ActiveCfg = Release|Any CPU
		{DEACD44B-683D-450D-81BE-CC9015A98F36}.Release|x64.Build.0 = Release|Any CPU
		{DEACD44B-683D-450D-81BE-CC9015A98F36}.Release|x86.ActiveCfg = Release|Any CPU
		{DEACD44B-683D-450D-81BE-CC9015A98F36}.Release|x86.Build.0 = Release|Any CPU
		{23E52533-193B-418C-9CB4-56FA04E06B38}.Ad-Hoc|Any CPU.ActiveCfg = Debug|Any CPU
		{23E52533-193B-418C-9CB4-56FA04E06B38}.Ad-Hoc|Any CPU.Build.0 = Debug|Any CPU
		{23E52533-193B-418C-9CB4-56FA04E06B38}.Ad-Hoc|ARM.ActiveCfg = Debug|Any CPU
		{23E52533-193B-418C-9CB4-56FA04E06B38}.Ad-Hoc|ARM.Build.0 = Debug|Any CPU
		{23E52533-193B-418C-9CB4-56FA04E06B38}.Ad-Hoc|iPhone.ActiveCfg = Debug|Any CPU
		{23E52533-193B-418C-9CB4-56FA04E06B38}.Ad-Hoc|iPhone.Build.0 = Debug|Any CPU
		{23E52533-193B-418C-9CB4-56FA04E06B38}.Ad-Hoc|iPhoneSimulator.ActiveCfg = Debug|Any CPU
		{23E52533-193B-418C-9CB4-56FA04E06B38}.Ad-Hoc|iPhoneSimulator.Build.0 = Debug|Any CPU
		{23E52533-193B-418C-9CB4-56FA04E06B38}.Ad-Hoc|x64.ActiveCfg = Debug|Any CPU
		{23E52533-193B-418C-9CB4-56FA04E06B38}.Ad-Hoc|x64.Build.0 = Debug|Any CPU
		{23E52533-193B-418C-9CB4-56FA04E06B38}.Ad-Hoc|x86.ActiveCfg = Debug|Any CPU
		{23E52533-193B-418C-9CB4-56FA04E06B38}.Ad-Hoc|x86.Build.0 = Debug|Any CPU
		{23E52533-193B-418C-9CB4-56FA04E06B38}.AppStore|Any CPU.ActiveCfg = Debug|Any CPU
		{23E52533-193B-418C-9CB4-56FA04E06B38}.AppStore|Any CPU.Build.0 = Debug|Any CPU
		{23E52533-193B-418C-9CB4-56FA04E06B38}.AppStore|ARM.ActiveCfg = Debug|Any CPU
		{23E52533-193B-418C-9CB4-56FA04E06B38}.AppStore|ARM.Build.0 = Debug|Any CPU
		{23E52533-193B-418C-9CB4-56FA04E06B38}.AppStore|iPhone.ActiveCfg = Debug|Any CPU
		{23E52533-193B-418C-9CB4-56FA04E06B38}.AppStore|iPhone.Build.0 = Debug|Any CPU
		{23E52533-193B-418C-9CB4-56FA04E06B38}.AppStore|iPhoneSimulator.ActiveCfg = Debug|Any CPU
		{23E52533-193B-418C-9CB4-56FA04E06B38}.AppStore|iPhoneSimulator.Build.0 = Debug|Any CPU
		{23E52533-193B-418C-9CB4-56FA04E06B38}.AppStore|x64.ActiveCfg = Debug|Any CPU
		{23E52533-193B-418C-9CB4-56FA04E06B38}.AppStore|x64.Build.0 = Debug|Any CPU
		{23E52533-193B-418C-9CB4-56FA04E06B38}.AppStore|x86.ActiveCfg = Debug|Any CPU
		{23E52533-193B-418C-9CB4-56FA04E06B38}.AppStore|x86.Build.0 = Debug|Any CPU
		{23E52533-193B-418C-9CB4-56FA04E06B38}.Debug|Any CPU.ActiveCfg = Debug|Any CPU
		{23E52533-193B-418C-9CB4-56FA04E06B38}.Debug|Any CPU.Build.0 = Debug|Any CPU
		{23E52533-193B-418C-9CB4-56FA04E06B38}.Debug|ARM.ActiveCfg = Debug|Any CPU
		{23E52533-193B-418C-9CB4-56FA04E06B38}.Debug|ARM.Build.0 = Debug|Any CPU
		{23E52533-193B-418C-9CB4-56FA04E06B38}.Debug|iPhone.ActiveCfg = Debug|Any CPU
		{23E52533-193B-418C-9CB4-56FA04E06B38}.Debug|iPhone.Build.0 = Debug|Any CPU
		{23E52533-193B-418C-9CB4-56FA04E06B38}.Debug|iPhoneSimulator.ActiveCfg = Debug|Any CPU
		{23E52533-193B-418C-9CB4-56FA04E06B38}.Debug|iPhoneSimulator.Build.0 = Debug|Any CPU
		{23E52533-193B-418C-9CB4-56FA04E06B38}.Debug|x64.ActiveCfg = Debug|Any CPU
		{23E52533-193B-418C-9CB4-56FA04E06B38}.Debug|x64.Build.0 = Debug|Any CPU
		{23E52533-193B-418C-9CB4-56FA04E06B38}.Debug|x86.ActiveCfg = Debug|Any CPU
		{23E52533-193B-418C-9CB4-56FA04E06B38}.Debug|x86.Build.0 = Debug|Any CPU
		{23E52533-193B-418C-9CB4-56FA04E06B38}.Release|Any CPU.ActiveCfg = Release|Any CPU
		{23E52533-193B-418C-9CB4-56FA04E06B38}.Release|Any CPU.Build.0 = Release|Any CPU
		{23E52533-193B-418C-9CB4-56FA04E06B38}.Release|ARM.ActiveCfg = Release|Any CPU
		{23E52533-193B-418C-9CB4-56FA04E06B38}.Release|ARM.Build.0 = Release|Any CPU
		{23E52533-193B-418C-9CB4-56FA04E06B38}.Release|iPhone.ActiveCfg = Release|Any CPU
		{23E52533-193B-418C-9CB4-56FA04E06B38}.Release|iPhone.Build.0 = Release|Any CPU
		{23E52533-193B-418C-9CB4-56FA04E06B38}.Release|iPhoneSimulator.ActiveCfg = Release|Any CPU
		{23E52533-193B-418C-9CB4-56FA04E06B38}.Release|iPhoneSimulator.Build.0 = Release|Any CPU
		{23E52533-193B-418C-9CB4-56FA04E06B38}.Release|x64.ActiveCfg = Release|Any CPU
		{23E52533-193B-418C-9CB4-56FA04E06B38}.Release|x64.Build.0 = Release|Any CPU
		{23E52533-193B-418C-9CB4-56FA04E06B38}.Release|x86.ActiveCfg = Release|Any CPU
		{23E52533-193B-418C-9CB4-56FA04E06B38}.Release|x86.Build.0 = Release|Any CPU
		{104D8923-17BD-4584-A219-F07CCC474174}.Ad-Hoc|Any CPU.ActiveCfg = Debug|Any CPU
		{104D8923-17BD-4584-A219-F07CCC474174}.Ad-Hoc|Any CPU.Build.0 = Debug|Any CPU
		{104D8923-17BD-4584-A219-F07CCC474174}.Ad-Hoc|ARM.ActiveCfg = Debug|Any CPU
		{104D8923-17BD-4584-A219-F07CCC474174}.Ad-Hoc|ARM.Build.0 = Debug|Any CPU
		{104D8923-17BD-4584-A219-F07CCC474174}.Ad-Hoc|iPhone.ActiveCfg = Debug|Any CPU
		{104D8923-17BD-4584-A219-F07CCC474174}.Ad-Hoc|iPhone.Build.0 = Debug|Any CPU
		{104D8923-17BD-4584-A219-F07CCC474174}.Ad-Hoc|iPhoneSimulator.ActiveCfg = Debug|Any CPU
		{104D8923-17BD-4584-A219-F07CCC474174}.Ad-Hoc|iPhoneSimulator.Build.0 = Debug|Any CPU
		{104D8923-17BD-4584-A219-F07CCC474174}.Ad-Hoc|x64.ActiveCfg = Debug|Any CPU
		{104D8923-17BD-4584-A219-F07CCC474174}.Ad-Hoc|x64.Build.0 = Debug|Any CPU
		{104D8923-17BD-4584-A219-F07CCC474174}.Ad-Hoc|x86.ActiveCfg = Debug|Any CPU
		{104D8923-17BD-4584-A219-F07CCC474174}.Ad-Hoc|x86.Build.0 = Debug|Any CPU
		{104D8923-17BD-4584-A219-F07CCC474174}.AppStore|Any CPU.ActiveCfg = Debug|Any CPU
		{104D8923-17BD-4584-A219-F07CCC474174}.AppStore|Any CPU.Build.0 = Debug|Any CPU
		{104D8923-17BD-4584-A219-F07CCC474174}.AppStore|ARM.ActiveCfg = Debug|Any CPU
		{104D8923-17BD-4584-A219-F07CCC474174}.AppStore|ARM.Build.0 = Debug|Any CPU
		{104D8923-17BD-4584-A219-F07CCC474174}.AppStore|iPhone.ActiveCfg = Debug|Any CPU
		{104D8923-17BD-4584-A219-F07CCC474174}.AppStore|iPhone.Build.0 = Debug|Any CPU
		{104D8923-17BD-4584-A219-F07CCC474174}.AppStore|iPhoneSimulator.ActiveCfg = Debug|Any CPU
		{104D8923-17BD-4584-A219-F07CCC474174}.AppStore|iPhoneSimulator.Build.0 = Debug|Any CPU
		{104D8923-17BD-4584-A219-F07CCC474174}.AppStore|x64.ActiveCfg = Debug|Any CPU
		{104D8923-17BD-4584-A219-F07CCC474174}.AppStore|x64.Build.0 = Debug|Any CPU
		{104D8923-17BD-4584-A219-F07CCC474174}.AppStore|x86.ActiveCfg = Debug|Any CPU
		{104D8923-17BD-4584-A219-F07CCC474174}.AppStore|x86.Build.0 = Debug|Any CPU
		{104D8923-17BD-4584-A219-F07CCC474174}.Debug|Any CPU.ActiveCfg = Debug|Any CPU
		{104D8923-17BD-4584-A219-F07CCC474174}.Debug|Any CPU.Build.0 = Debug|Any CPU
		{104D8923-17BD-4584-A219-F07CCC474174}.Debug|ARM.ActiveCfg = Debug|Any CPU
		{104D8923-17BD-4584-A219-F07CCC474174}.Debug|ARM.Build.0 = Debug|Any CPU
		{104D8923-17BD-4584-A219-F07CCC474174}.Debug|iPhone.ActiveCfg = Debug|Any CPU
		{104D8923-17BD-4584-A219-F07CCC474174}.Debug|iPhone.Build.0 = Debug|Any CPU
		{104D8923-17BD-4584-A219-F07CCC474174}.Debug|iPhoneSimulator.ActiveCfg = Debug|Any CPU
		{104D8923-17BD-4584-A219-F07CCC474174}.Debug|iPhoneSimulator.Build.0 = Debug|Any CPU
		{104D8923-17BD-4584-A219-F07CCC474174}.Debug|x64.ActiveCfg = Debug|Any CPU
		{104D8923-17BD-4584-A219-F07CCC474174}.Debug|x64.Build.0 = Debug|Any CPU
		{104D8923-17BD-4584-A219-F07CCC474174}.Debug|x86.ActiveCfg = Debug|Any CPU
		{104D8923-17BD-4584-A219-F07CCC474174}.Debug|x86.Build.0 = Debug|Any CPU
		{104D8923-17BD-4584-A219-F07CCC474174}.Release|Any CPU.ActiveCfg = Release|Any CPU
		{104D8923-17BD-4584-A219-F07CCC474174}.Release|Any CPU.Build.0 = Release|Any CPU
		{104D8923-17BD-4584-A219-F07CCC474174}.Release|ARM.ActiveCfg = Release|Any CPU
		{104D8923-17BD-4584-A219-F07CCC474174}.Release|ARM.Build.0 = Release|Any CPU
		{104D8923-17BD-4584-A219-F07CCC474174}.Release|iPhone.ActiveCfg = Release|Any CPU
		{104D8923-17BD-4584-A219-F07CCC474174}.Release|iPhone.Build.0 = Release|Any CPU
		{104D8923-17BD-4584-A219-F07CCC474174}.Release|iPhoneSimulator.ActiveCfg = Release|Any CPU
		{104D8923-17BD-4584-A219-F07CCC474174}.Release|iPhoneSimulator.Build.0 = Release|Any CPU
		{104D8923-17BD-4584-A219-F07CCC474174}.Release|x64.ActiveCfg = Release|Any CPU
		{104D8923-17BD-4584-A219-F07CCC474174}.Release|x64.Build.0 = Release|Any CPU
		{104D8923-17BD-4584-A219-F07CCC474174}.Release|x86.ActiveCfg = Release|Any CPU
		{104D8923-17BD-4584-A219-F07CCC474174}.Release|x86.Build.0 = Release|Any CPU
		{56A734E0-E858-418A-ADBA-D9AC255CD718}.Ad-Hoc|Any CPU.ActiveCfg = Debug|Any CPU
		{56A734E0-E858-418A-ADBA-D9AC255CD718}.Ad-Hoc|Any CPU.Build.0 = Debug|Any CPU
		{56A734E0-E858-418A-ADBA-D9AC255CD718}.Ad-Hoc|ARM.ActiveCfg = Debug|Any CPU
		{56A734E0-E858-418A-ADBA-D9AC255CD718}.Ad-Hoc|ARM.Build.0 = Debug|Any CPU
		{56A734E0-E858-418A-ADBA-D9AC255CD718}.Ad-Hoc|iPhone.ActiveCfg = Debug|Any CPU
		{56A734E0-E858-418A-ADBA-D9AC255CD718}.Ad-Hoc|iPhone.Build.0 = Debug|Any CPU
		{56A734E0-E858-418A-ADBA-D9AC255CD718}.Ad-Hoc|iPhoneSimulator.ActiveCfg = Debug|Any CPU
		{56A734E0-E858-418A-ADBA-D9AC255CD718}.Ad-Hoc|iPhoneSimulator.Build.0 = Debug|Any CPU
		{56A734E0-E858-418A-ADBA-D9AC255CD718}.Ad-Hoc|x64.ActiveCfg = Debug|Any CPU
		{56A734E0-E858-418A-ADBA-D9AC255CD718}.Ad-Hoc|x64.Build.0 = Debug|Any CPU
		{56A734E0-E858-418A-ADBA-D9AC255CD718}.Ad-Hoc|x86.ActiveCfg = Debug|Any CPU
		{56A734E0-E858-418A-ADBA-D9AC255CD718}.Ad-Hoc|x86.Build.0 = Debug|Any CPU
		{56A734E0-E858-418A-ADBA-D9AC255CD718}.AppStore|Any CPU.ActiveCfg = Debug|Any CPU
		{56A734E0-E858-418A-ADBA-D9AC255CD718}.AppStore|Any CPU.Build.0 = Debug|Any CPU
		{56A734E0-E858-418A-ADBA-D9AC255CD718}.AppStore|ARM.ActiveCfg = Debug|Any CPU
		{56A734E0-E858-418A-ADBA-D9AC255CD718}.AppStore|ARM.Build.0 = Debug|Any CPU
		{56A734E0-E858-418A-ADBA-D9AC255CD718}.AppStore|iPhone.ActiveCfg = Debug|Any CPU
		{56A734E0-E858-418A-ADBA-D9AC255CD718}.AppStore|iPhone.Build.0 = Debug|Any CPU
		{56A734E0-E858-418A-ADBA-D9AC255CD718}.AppStore|iPhoneSimulator.ActiveCfg = Debug|Any CPU
		{56A734E0-E858-418A-ADBA-D9AC255CD718}.AppStore|iPhoneSimulator.Build.0 = Debug|Any CPU
		{56A734E0-E858-418A-ADBA-D9AC255CD718}.AppStore|x64.ActiveCfg = Debug|Any CPU
		{56A734E0-E858-418A-ADBA-D9AC255CD718}.AppStore|x64.Build.0 = Debug|Any CPU
		{56A734E0-E858-418A-ADBA-D9AC255CD718}.AppStore|x86.ActiveCfg = Debug|Any CPU
		{56A734E0-E858-418A-ADBA-D9AC255CD718}.AppStore|x86.Build.0 = Debug|Any CPU
		{56A734E0-E858-418A-ADBA-D9AC255CD718}.Debug|Any CPU.ActiveCfg = Debug|Any CPU
		{56A734E0-E858-418A-ADBA-D9AC255CD718}.Debug|Any CPU.Build.0 = Debug|Any CPU
		{56A734E0-E858-418A-ADBA-D9AC255CD718}.Debug|ARM.ActiveCfg = Debug|Any CPU
		{56A734E0-E858-418A-ADBA-D9AC255CD718}.Debug|ARM.Build.0 = Debug|Any CPU
		{56A734E0-E858-418A-ADBA-D9AC255CD718}.Debug|iPhone.ActiveCfg = Debug|Any CPU
		{56A734E0-E858-418A-ADBA-D9AC255CD718}.Debug|iPhone.Build.0 = Debug|Any CPU
		{56A734E0-E858-418A-ADBA-D9AC255CD718}.Debug|iPhoneSimulator.ActiveCfg = Debug|Any CPU
		{56A734E0-E858-418A-ADBA-D9AC255CD718}.Debug|iPhoneSimulator.Build.0 = Debug|Any CPU
		{56A734E0-E858-418A-ADBA-D9AC255CD718}.Debug|x64.ActiveCfg = Debug|Any CPU
		{56A734E0-E858-418A-ADBA-D9AC255CD718}.Debug|x64.Build.0 = Debug|Any CPU
		{56A734E0-E858-418A-ADBA-D9AC255CD718}.Debug|x86.ActiveCfg = Debug|Any CPU
		{56A734E0-E858-418A-ADBA-D9AC255CD718}.Debug|x86.Build.0 = Debug|Any CPU
		{56A734E0-E858-418A-ADBA-D9AC255CD718}.Release|Any CPU.ActiveCfg = Release|Any CPU
		{56A734E0-E858-418A-ADBA-D9AC255CD718}.Release|Any CPU.Build.0 = Release|Any CPU
		{56A734E0-E858-418A-ADBA-D9AC255CD718}.Release|ARM.ActiveCfg = Release|Any CPU
		{56A734E0-E858-418A-ADBA-D9AC255CD718}.Release|ARM.Build.0 = Release|Any CPU
		{56A734E0-E858-418A-ADBA-D9AC255CD718}.Release|iPhone.ActiveCfg = Release|Any CPU
		{56A734E0-E858-418A-ADBA-D9AC255CD718}.Release|iPhone.Build.0 = Release|Any CPU
		{56A734E0-E858-418A-ADBA-D9AC255CD718}.Release|iPhoneSimulator.ActiveCfg = Release|Any CPU
		{56A734E0-E858-418A-ADBA-D9AC255CD718}.Release|iPhoneSimulator.Build.0 = Release|Any CPU
		{56A734E0-E858-418A-ADBA-D9AC255CD718}.Release|x64.ActiveCfg = Release|Any CPU
		{56A734E0-E858-418A-ADBA-D9AC255CD718}.Release|x64.Build.0 = Release|Any CPU
		{56A734E0-E858-418A-ADBA-D9AC255CD718}.Release|x86.ActiveCfg = Release|Any CPU
		{56A734E0-E858-418A-ADBA-D9AC255CD718}.Release|x86.Build.0 = Release|Any CPU
	EndGlobalSection
	GlobalSection(SolutionProperties) = preSolution
		HideSolutionNode = FALSE
	EndGlobalSection
	GlobalSection(ExtensibilityGlobals) = postSolution
		SolutionGuid = {E5837E1B-1282-4014-99B1-B375FCCB78F1}
	EndGlobalSection
EndGlobal
